// !$*UTF8*$!
{
	archiveVersion = 1;
	classes = {
	};
	objectVersion = 50;
	objects = {

/* Begin PBXBuildFile section */
		35131C7C232E65F80028ABF7 /* AppDelegate.swift in Sources */ = {isa = PBXBuildFile; fileRef = 35131C7B232E65F80028ABF7 /* AppDelegate.swift */; };
		35131C7E232E65F80028ABF7 /* ViewController.swift in Sources */ = {isa = PBXBuildFile; fileRef = 35131C7D232E65F80028ABF7 /* ViewController.swift */; };
		35131C81232E65F80028ABF7 /* Main.storyboard in Resources */ = {isa = PBXBuildFile; fileRef = 35131C7F232E65F80028ABF7 /* Main.storyboard */; };
		35131C84232E65F80028ABF7 /* TableView_Handling_Operations.xcdatamodeld in Sources */ = {isa = PBXBuildFile; fileRef = 35131C82232E65F80028ABF7 /* TableView_Handling_Operations.xcdatamodeld */; };
		35131C86232E65F90028ABF7 /* Assets.xcassets in Resources */ = {isa = PBXBuildFile; fileRef = 35131C85232E65F90028ABF7 /* Assets.xcassets */; };
		35131C89232E65F90028ABF7 /* LaunchScreen.storyboard in Resources */ = {isa = PBXBuildFile; fileRef = 35131C87232E65F90028ABF7 /* LaunchScreen.storyboard */; };
		35131C94232E65FA0028ABF7 /* TableView_Handling_OperationsTests.swift in Sources */ = {isa = PBXBuildFile; fileRef = 35131C93232E65FA0028ABF7 /* TableView_Handling_OperationsTests.swift */; };
		35131C9F232E65FA0028ABF7 /* TableView_Handling_OperationsUITests.swift in Sources */ = {isa = PBXBuildFile; fileRef = 35131C9E232E65FA0028ABF7 /* TableView_Handling_OperationsUITests.swift */; };
/* End PBXBuildFile section */

/* Begin PBXContainerItemProxy section */
		35131C90232E65FA0028ABF7 /* PBXContainerItemProxy */ = {
			isa = PBXContainerItemProxy;
			containerPortal = 35131C70232E65F80028ABF7 /* Project object */;
			proxyType = 1;
			remoteGlobalIDString = 35131C77232E65F80028ABF7;
			remoteInfo = "TableView Handling Operations";
		};
		35131C9B232E65FA0028ABF7 /* PBXContainerItemProxy */ = {
			isa = PBXContainerItemProxy;
			containerPortal = 35131C70232E65F80028ABF7 /* Project object */;
			proxyType = 1;
			remoteGlobalIDString = 35131C77232E65F80028ABF7;
			remoteInfo = "TableView Handling Operations";
		};
/* End PBXContainerItemProxy section */

/* Begin PBXFileReference section */
		35131C78232E65F80028ABF7 /* TableView Handling Operations.app */ = {isa = PBXFileReference; explicitFileType = wrapper.application; includeInIndex = 0; path = "TableView Handling Operations.app"; sourceTree = BUILT_PRODUCTS_DIR; };
		35131C7B232E65F80028ABF7 /* AppDelegate.swift */ = {isa = PBXFileReference; lastKnownFileType = sourcecode.swift; path = AppDelegate.swift; sourceTree = "<group>"; };
		35131C7D232E65F80028ABF7 /* ViewController.swift */ = {isa = PBXFileReference; lastKnownFileType = sourcecode.swift; path = ViewController.swift; sourceTree = "<group>"; };
		35131C80232E65F80028ABF7 /* Base */ = {isa = PBXFileReference; lastKnownFileType = file.storyboard; name = Base; path = Base.lproj/Main.storyboard; sourceTree = "<group>"; };
		35131C83232E65F80028ABF7 /* TableView_Handling_Operations.xcdatamodel */ = {isa = PBXFileReference; lastKnownFileType = wrapper.xcdatamodel; path = TableView_Handling_Operations.xcdatamodel; sourceTree = "<group>"; };
		35131C85232E65F90028ABF7 /* Assets.xcassets */ = {isa = PBXFileReference; lastKnownFileType = folder.assetcatalog; path = Assets.xcassets; sourceTree = "<group>"; };
		35131C88232E65F90028ABF7 /* Base */ = {isa = PBXFileReference; lastKnownFileType = file.storyboard; name = Base; path = Base.lproj/LaunchScreen.storyboard; sourceTree = "<group>"; };
		35131C8A232E65F90028ABF7 /* Info.plist */ = {isa = PBXFileReference; lastKnownFileType = text.plist.xml; path = Info.plist; sourceTree = "<group>"; };
		35131C8F232E65FA0028ABF7 /* TableView Handling OperationsTests.xctest */ = {isa = PBXFileReference; explicitFileType = wrapper.cfbundle; includeInIndex = 0; path = "TableView Handling OperationsTests.xctest"; sourceTree = BUILT_PRODUCTS_DIR; };
		35131C93232E65FA0028ABF7 /* TableView_Handling_OperationsTests.swift */ = {isa = PBXFileReference; lastKnownFileType = sourcecode.swift; path = TableView_Handling_OperationsTests.swift; sourceTree = "<group>"; };
		35131C95232E65FA0028ABF7 /* Info.plist */ = {isa = PBXFileReference; lastKnownFileType = text.plist.xml; path = Info.plist; sourceTree = "<group>"; };
		35131C9A232E65FA0028ABF7 /* TableView Handling OperationsUITests.xctest */ = {isa = PBXFileReference; explicitFileType = wrapper.cfbundle; includeInIndex = 0; path = "TableView Handling OperationsUITests.xctest"; sourceTree = BUILT_PRODUCTS_DIR; };
		35131C9E232E65FA0028ABF7 /* TableView_Handling_OperationsUITests.swift */ = {isa = PBXFileReference; lastKnownFileType = sourcecode.swift; path = TableView_Handling_OperationsUITests.swift; sourceTree = "<group>"; };
		35131CA0232E65FA0028ABF7 /* Info.plist */ = {isa = PBXFileReference; lastKnownFileType = text.plist.xml; path = Info.plist; sourceTree = "<group>"; };
/* End PBXFileReference section */

/* Begin PBXFrameworksBuildPhase section */
		35131C75232E65F80028ABF7 /* Frameworks */ = {
			isa = PBXFrameworksBuildPhase;
			buildActionMask = 2147483647;
			files = (
			);
			runOnlyForDeploymentPostprocessing = 0;
		};
		35131C8C232E65FA0028ABF7 /* Frameworks */ = {
			isa = PBXFrameworksBuildPhase;
			buildActionMask = 2147483647;
			files = (
			);
			runOnlyForDeploymentPostprocessing = 0;
		};
		35131C97232E65FA0028ABF7 /* Frameworks */ = {
			isa = PBXFrameworksBuildPhase;
			buildActionMask = 2147483647;
			files = (
			);
			runOnlyForDeploymentPostprocessing = 0;
		};
/* End PBXFrameworksBuildPhase section */

/* Begin PBXGroup section */
		35131C6F232E65F80028ABF7 = {
			isa = PBXGroup;
			children = (
				35131C7A232E65F80028ABF7 /* TableView Handling Operations */,
				35131C92232E65FA0028ABF7 /* TableView Handling OperationsTests */,
				35131C9D232E65FA0028ABF7 /* TableView Handling OperationsUITests */,
				35131C79232E65F80028ABF7 /* Products */,
			);
			sourceTree = "<group>";
		};
		35131C79232E65F80028ABF7 /* Products */ = {
			isa = PBXGroup;
			children = (
				35131C78232E65F80028ABF7 /* TableView Handling Operations.app */,
				35131C8F232E65FA0028ABF7 /* TableView Handling OperationsTests.xctest */,
				35131C9A232E65FA0028ABF7 /* TableView Handling OperationsUITests.xctest */,
			);
			name = Products;
			sourceTree = "<group>";
		};
		35131C7A232E65F80028ABF7 /* TableView Handling Operations */ = {
			isa = PBXGroup;
			children = (
				35131C7B232E65F80028ABF7 /* AppDelegate.swift */,
				35131C7D232E65F80028ABF7 /* ViewController.swift */,
				35131C7F232E65F80028ABF7 /* Main.storyboard */,
				35131C85232E65F90028ABF7 /* Assets.xcassets */,
				35131C87232E65F90028ABF7 /* LaunchScreen.storyboard */,
				35131C8A232E65F90028ABF7 /* Info.plist */,
				35131C82232E65F80028ABF7 /* TableView_Handling_Operations.xcdatamodeld */,
			);
			path = "TableView Handling Operations";
			sourceTree = "<group>";
		};
		35131C92232E65FA0028ABF7 /* TableView Handling OperationsTests */ = {
			isa = PBXGroup;
			children = (
				35131C93232E65FA0028ABF7 /* TableView_Handling_OperationsTests.swift */,
				35131C95232E65FA0028ABF7 /* Info.plist */,
			);
			path = "TableView Handling OperationsTests";
			sourceTree = "<group>";
		};
		35131C9D232E65FA0028ABF7 /* TableView Handling OperationsUITests */ = {
			isa = PBXGroup;
			children = (
				35131C9E232E65FA0028ABF7 /* TableView_Handling_OperationsUITests.swift */,
				35131CA0232E65FA0028ABF7 /* Info.plist */,
			);
			path = "TableView Handling OperationsUITests";
			sourceTree = "<group>";
		};
/* End PBXGroup section */

/* Begin PBXNativeTarget section */
		35131C77232E65F80028ABF7 /* TableView Handling Operations */ = {
			isa = PBXNativeTarget;
			buildConfigurationList = 35131CA3232E65FA0028ABF7 /* Build configuration list for PBXNativeTarget "TableView Handling Operations" */;
			buildPhases = (
				35131C74232E65F80028ABF7 /* Sources */,
				35131C75232E65F80028ABF7 /* Frameworks */,
				35131C76232E65F80028ABF7 /* Resources */,
			);
			buildRules = (
			);
			dependencies = (
			);
			name = "TableView Handling Operations";
			productName = "TableView Handling Operations";
			productReference = 35131C78232E65F80028ABF7 /* TableView Handling Operations.app */;
			productType = "com.apple.product-type.application";
		};
		35131C8E232E65FA0028ABF7 /* TableView Handling OperationsTests */ = {
			isa = PBXNativeTarget;
			buildConfigurationList = 35131CA6232E65FA0028ABF7 /* Build configuration list for PBXNativeTarget "TableView Handling OperationsTests" */;
			buildPhases = (
				35131C8B232E65FA0028ABF7 /* Sources */,
				35131C8C232E65FA0028ABF7 /* Frameworks */,
				35131C8D232E65FA0028ABF7 /* Resources */,
			);
			buildRules = (
			);
			dependencies = (
				35131C91232E65FA0028ABF7 /* PBXTargetDependency */,
			);
			name = "TableView Handling OperationsTests";
			productName = "TableView Handling OperationsTests";
			productReference = 35131C8F232E65FA0028ABF7 /* TableView Handling OperationsTests.xctest */;
			productType = "com.apple.product-type.bundle.unit-test";
		};
		35131C99232E65FA0028ABF7 /* TableView Handling OperationsUITests */ = {
			isa = PBXNativeTarget;
			buildConfigurationList = 35131CA9232E65FA0028ABF7 /* Build configuration list for PBXNativeTarget "TableView Handling OperationsUITests" */;
			buildPhases = (
				35131C96232E65FA0028ABF7 /* Sources */,
				35131C97232E65FA0028ABF7 /* Frameworks */,
				35131C98232E65FA0028ABF7 /* Resources */,
			);
			buildRules = (
			);
			dependencies = (
				35131C9C232E65FA0028ABF7 /* PBXTargetDependency */,
			);
			name = "TableView Handling OperationsUITests";
			productName = "TableView Handling OperationsUITests";
			productReference = 35131C9A232E65FA0028ABF7 /* TableView Handling OperationsUITests.xctest */;
			productType = "com.apple.product-type.bundle.ui-testing";
		};
/* End PBXNativeTarget section */

/* Begin PBXProject section */
		35131C70232E65F80028ABF7 /* Project object */ = {
			isa = PBXProject;
			attributes = {
				LastSwiftUpdateCheck = 1030;
				LastUpgradeCheck = 1030;
				ORGANIZATIONNAME = "Ahmed Sultan ";
				TargetAttributes = {
					35131C77232E65F80028ABF7 = {
						CreatedOnToolsVersion = 10.3;
					};
					35131C8E232E65FA0028ABF7 = {
						CreatedOnToolsVersion = 10.3;
						TestTargetID = 35131C77232E65F80028ABF7;
					};
					35131C99232E65FA0028ABF7 = {
						CreatedOnToolsVersion = 10.3;
						TestTargetID = 35131C77232E65F80028ABF7;
					};
				};
			};
			buildConfigurationList = 35131C73232E65F80028ABF7 /* Build configuration list for PBXProject "TableView Handling Operations" */;
			compatibilityVersion = "Xcode 9.3";
			developmentRegion = en;
			hasScannedForEncodings = 0;
			knownRegions = (
				en,
				Base,
			);
			mainGroup = 35131C6F232E65F80028ABF7;
			productRefGroup = 35131C79232E65F80028ABF7 /* Products */;
			projectDirPath = "";
			projectRoot = "";
			targets = (
				35131C77232E65F80028ABF7 /* TableView Handling Operations */,
				35131C8E232E65FA0028ABF7 /* TableView Handling OperationsTests */,
				35131C99232E65FA0028ABF7 /* TableView Handling OperationsUITests */,
			);
		};
/* End PBXProject section */

/* Begin PBXResourcesBuildPhase section */
		35131C76232E65F80028ABF7 /* Resources */ = {
			isa = PBXResourcesBuildPhase;
			buildActionMask = 2147483647;
			files = (
				35131C89232E65F90028ABF7 /* LaunchScreen.storyboard in Resources */,
				35131C86232E65F90028ABF7 /* Assets.xcassets in Resources */,
				35131C81232E65F80028ABF7 /* Main.storyboard in Resources */,
			);
			runOnlyForDeploymentPostprocessing = 0;
		};
		35131C8D232E65FA0028ABF7 /* Resources */ = {
			isa = PBXResourcesBuildPhase;
			buildActionMask = 2147483647;
			files = (
			);
			runOnlyForDeploymentPostprocessing = 0;
		};
		35131C98232E65FA0028ABF7 /* Resources */ = {
			isa = PBXResourcesBuildPhase;
			buildActionMask = 2147483647;
			files = (
			);
			runOnlyForDeploymentPostprocessing = 0;
		};
/* End PBXResourcesBuildPhase section */

/* Begin PBXSourcesBuildPhase section */
		35131C74232E65F80028ABF7 /* Sources */ = {
			isa = PBXSourcesBuildPhase;
			buildActionMask = 2147483647;
			files = (
				35131C7E232E65F80028ABF7 /* ViewController.swift in Sources */,
				35131C7C232E65F80028ABF7 /* AppDelegate.swift in Sources */,
				35131C84232E65F80028ABF7 /* TableView_Handling_Operations.xcdatamodeld in Sources */,
			);
			runOnlyForDeploymentPostprocessing = 0;
		};
		35131C8B232E65FA0028ABF7 /* Sources */ = {
			isa = PBXSourcesBuildPhase;
			buildActionMask = 2147483647;
			files = (
				35131C94232E65FA0028ABF7 /* TableView_Handling_OperationsTests.swift in Sources */,
			);
			runOnlyForDeploymentPostprocessing = 0;
		};
		35131C96232E65FA0028ABF7 /* Sources */ = {
			isa = PBXSourcesBuildPhase;
			buildActionMask = 2147483647;
			files = (
				35131C9F232E65FA0028ABF7 /* TableView_Handling_OperationsUITests.swift in Sources */,
			);
			runOnlyForDeploymentPostprocessing = 0;
		};
/* End PBXSourcesBuildPhase section */

/* Begin PBXTargetDependency section */
		35131C91232E65FA0028ABF7 /* PBXTargetDependency */ = {
			isa = PBXTargetDependency;
			target = 35131C77232E65F80028ABF7 /* TableView Handling Operations */;
			targetProxy = 35131C90232E65FA0028ABF7 /* PBXContainerItemProxy */;
		};
		35131C9C232E65FA0028ABF7 /* PBXTargetDependency */ = {
			isa = PBXTargetDependency;
			target = 35131C77232E65F80028ABF7 /* TableView Handling Operations */;
			targetProxy = 35131C9B232E65FA0028ABF7 /* PBXContainerItemProxy */;
		};
/* End PBXTargetDependency section */

/* Begin PBXVariantGroup section */
		35131C7F232E65F80028ABF7 /* Main.storyboard */ = {
			isa = PBXVariantGroup;
			children = (
				35131C80232E65F80028ABF7 /* Base */,
			);
			name = Main.storyboard;
			sourceTree = "<group>";
		};
		35131C87232E65F90028ABF7 /* LaunchScreen.storyboard */ = {
			isa = PBXVariantGroup;
			children = (
				35131C88232E65F90028ABF7 /* Base */,
			);
			name = LaunchScreen.storyboard;
			sourceTree = "<group>";
		};
/* End PBXVariantGroup section */

/* Begin XCBuildConfiguration section */
		35131CA1232E65FA0028ABF7 /* Debug */ = {
			isa = XCBuildConfiguration;
			buildSettings = {
				ALWAYS_SEARCH_USER_PATHS = NO;
				CLANG_ANALYZER_NONNULL = YES;
				CLANG_ANALYZER_NUMBER_OBJECT_CONVERSION = YES_AGGRESSIVE;
				CLANG_CXX_LANGUAGE_STANDARD = "gnu++14";
				CLANG_CXX_LIBRARY = "libc++";
				CLANG_ENABLE_MODULES = YES;
				CLANG_ENABLE_OBJC_ARC = YES;
				CLANG_ENABLE_OBJC_WEAK = YES;
				CLANG_WARN_BLOCK_CAPTURE_AUTORELEASING = YES;
				CLANG_WARN_BOOL_CONVERSION = YES;
				CLANG_WARN_COMMA = YES;
				CLANG_WARN_CONSTANT_CONVERSION = YES;
				CLANG_WARN_DEPRECATED_OBJC_IMPLEMENTATIONS = YES;
				CLANG_WARN_DIRECT_OBJC_ISA_USAGE = YES_ERROR;
				CLANG_WARN_DOCUMENTATION_COMMENTS = YES;
				CLANG_WARN_EMPTY_BODY = YES;
				CLANG_WARN_ENUM_CONVERSION = YES;
				CLANG_WARN_INFINITE_RECURSION = YES;
				CLANG_WARN_INT_CONVERSION = YES;
				CLANG_WARN_NON_LITERAL_NULL_CONVERSION = YES;
				CLANG_WARN_OBJC_IMPLICIT_RETAIN_SELF = YES;
				CLANG_WARN_OBJC_LITERAL_CONVERSION = YES;
				CLANG_WARN_OBJC_ROOT_CLASS = YES_ERROR;
				CLANG_WARN_RANGE_LOOP_ANALYSIS = YES;
				CLANG_WARN_STRICT_PROTOTYPES = YES;
				CLANG_WARN_SUSPICIOUS_MOVE = YES;
				CLANG_WARN_UNGUARDED_AVAILABILITY = YES_AGGRESSIVE;
				CLANG_WARN_UNREACHABLE_CODE = YES;
				CLANG_WARN__DUPLICATE_METHOD_MATCH = YES;
				CODE_SIGN_IDENTITY = "iPhone Developer";
				COPY_PHASE_STRIP = NO;
				DEBUG_INFORMATION_FORMAT = dwarf;
				ENABLE_STRICT_OBJC_MSGSEND = YES;
				ENABLE_TESTABILITY = YES;
				GCC_C_LANGUAGE_STANDARD = gnu11;
				GCC_DYNAMIC_NO_PIC = NO;
				GCC_NO_COMMON_BLOCKS = YES;
				GCC_OPTIMIZATION_LEVEL = 0;
				GCC_PREPROCESSOR_DEFINITIONS = (
					"DEBUG=1",
					"$(inherited)",
				);
				GCC_WARN_64_TO_32_BIT_CONVERSION = YES;
				GCC_WARN_ABOUT_RETURN_TYPE = YES_ERROR;
				GCC_WARN_UNDECLARED_SELECTOR = YES;
				GCC_WARN_UNINITIALIZED_AUTOS = YES_AGGRESSIVE;
				GCC_WARN_UNUSED_FUNCTION = YES;
				GCC_WARN_UNUSED_VARIABLE = YES;
				IPHONEOS_DEPLOYMENT_TARGET = 12.4;
				MTL_ENABLE_DEBUG_INFO = INCLUDE_SOURCE;
				MTL_FAST_MATH = YES;
				ONLY_ACTIVE_ARCH = YES;
				SDKROOT = iphoneos;
				SWIFT_ACTIVE_COMPILATION_CONDITIONS = DEBUG;
				SWIFT_OPTIMIZATION_LEVEL = "-Onone";
			};
			name = Debug;
		};
		35131CA2232E65FA0028ABF7 /* Release */ = {
			isa = XCBuildConfiguration;
			buildSettings = {
				ALWAYS_SEARCH_USER_PATHS = NO;
				CLANG_ANALYZER_NONNULL = YES;
				CLANG_ANALYZER_NUMBER_OBJECT_CONVERSION = YES_AGGRESSIVE;
				CLANG_CXX_LANGUAGE_STANDARD = "gnu++14";
				CLANG_CXX_LIBRARY = "libc++";
				CLANG_ENABLE_MODULES = YES;
				CLANG_ENABLE_OBJC_ARC = YES;
				CLANG_ENABLE_OBJC_WEAK = YES;
				CLANG_WARN_BLOCK_CAPTURE_AUTORELEASING = YES;
				CLANG_WARN_BOOL_CONVERSION = YES;
				CLANG_WARN_COMMA = YES;
				CLANG_WARN_CONSTANT_CONVERSION = YES;
				CLANG_WARN_DEPRECATED_OBJC_IMPLEMENTATIONS = YES;
				CLANG_WARN_DIRECT_OBJC_ISA_USAGE = YES_ERROR;
				CLANG_WARN_DOCUMENTATION_COMMENTS = YES;
				CLANG_WARN_EMPTY_BODY = YES;
				CLANG_WARN_ENUM_CONVERSION = YES;
				CLANG_WARN_INFINITE_RECURSION = YES;
				CLANG_WARN_INT_CONVERSION = YES;
				CLANG_WARN_NON_LITERAL_NULL_CONVERSION = YES;
				CLANG_WARN_OBJC_IMPLICIT_RETAIN_SELF = YES;
				CLANG_WARN_OBJC_LITERAL_CONVERSION = YES;
				CLANG_WARN_OBJC_ROOT_CLASS = YES_ERROR;
				CLANG_WARN_RANGE_LOOP_ANALYSIS = YES;
				CLANG_WARN_STRICT_PROTOTYPES = YES;
				CLANG_WARN_SUSPICIOUS_MOVE = YES;
				CLANG_WARN_UNGUARDED_AVAILABILITY = YES_AGGRESSIVE;
				CLANG_WARN_UNREACHABLE_CODE = YES;
				CLANG_WARN__DUPLICATE_METHOD_MATCH = YES;
				CODE_SIGN_IDENTITY = "iPhone Developer";
				COPY_PHASE_STRIP = NO;
				DEBUG_INFORMATION_FORMAT = "dwarf-with-dsym";
				ENABLE_NS_ASSERTIONS = NO;
				ENABLE_STRICT_OBJC_MSGSEND = YES;
				GCC_C_LANGUAGE_STANDARD = gnu11;
				GCC_NO_COMMON_BLOCKS = YES;
				GCC_WARN_64_TO_32_BIT_CONVERSION = YES;
				GCC_WARN_ABOUT_RETURN_TYPE = YES_ERROR;
				GCC_WARN_UNDECLARED_SELECTOR = YES;
				GCC_WARN_UNINITIALIZED_AUTOS = YES_AGGRESSIVE;
				GCC_WARN_UNUSED_FUNCTION = YES;
				GCC_WARN_UNUSED_VARIABLE = YES;
				IPHONEOS_DEPLOYMENT_TARGET = 12.4;
				MTL_ENABLE_DEBUG_INFO = NO;
				MTL_FAST_MATH = YES;
				SDKROOT = iphoneos;
				SWIFT_COMPILATION_MODE = wholemodule;
				SWIFT_OPTIMIZATION_LEVEL = "-O";
				VALIDATE_PRODUCT = YES;
			};
			name = Release;
		};
		35131CA4232E65FA0028ABF7 /* Debug */ = {
			isa = XCBuildConfiguration;
			buildSettings = {
				ASSETCATALOG_COMPILER_APPICON_NAME = AppIcon;
				CODE_SIGN_STYLE = Automatic;
				INFOPLIST_FILE = "TableView Handling Operations/Info.plist";
				LD_RUNPATH_SEARCH_PATHS = (
					"$(inherited)",
					"@executable_path/Frameworks",
				);
				PRODUCT_BUNDLE_IDENTIFIER = "com.sulta.dev.TableView-Handling-Operations";
				PRODUCT_NAME = "$(TARGET_NAME)";
				SWIFT_VERSION = 5.0;
				TARGETED_DEVICE_FAMILY = "1,2";
			};
			name = Debug;
		};
		35131CA5232E65FA0028ABF7 /* Release */ = {
			isa = XCBuildConfiguration;
			buildSettings = {
				ASSETCATALOG_COMPILER_APPICON_NAME = AppIcon;
				CODE_SIGN_STYLE = Automatic;
				INFOPLIST_FILE = "TableView Handling Operations/Info.plist";
				LD_RUNPATH_SEARCH_PATHS = (
					"$(inherited)",
					"@executable_path/Frameworks",
				);
				PRODUCT_BUNDLE_IDENTIFIER = "com.sulta.dev.TableView-Handling-Operations";
				PRODUCT_NAME = "$(TARGET_NAME)";
				SWIFT_VERSION = 5.0;
				TARGETED_DEVICE_FAMILY = "1,2";
			};
			name = Release;
		};
		35131CA7232E65FA0028ABF7 /* Debug */ = {
			isa = XCBuildConfiguration;
			buildSettings = {
				ALWAYS_EMBED_SWIFT_STANDARD_LIBRARIES = YES;
				BUNDLE_LOADER = "$(TEST_HOST)";
				CODE_SIGN_STYLE = Automatic;
				INFOPLIST_FILE = "TableView Handling OperationsTests/Info.plist";
				LD_RUNPATH_SEARCH_PATHS = (
					"$(inherited)",
					"@executable_path/Frameworks",
					"@loader_path/Frameworks",
				);
				PRODUCT_BUNDLE_IDENTIFIER = "com.sulta.dev.TableView-Handling-OperationsTests";
				PRODUCT_NAME = "$(TARGET_NAME)";
				SWIFT_VERSION = 5.0;
				TARGETED_DEVICE_FAMILY = "1,2";
				TEST_HOST = "$(BUILT_PRODUCTS_DIR)/TableView Handling Operations.app/TableView Handling Operations";
			};
			name = Debug;
		};
		35131CA8232E65FA0028ABF7 /* Release */ = {
			isa = XCBuildConfiguration;
			buildSettings = {
				ALWAYS_EMBED_SWIFT_STANDARD_LIBRARIES = YES;
				BUNDLE_LOADER = "$(TEST_HOST)";
				CODE_SIGN_STYLE = Automatic;
				INFOPLIST_FILE = "TableView Handling OperationsTests/Info.plist";
				LD_RUNPATH_SEARCH_PATHS = (
					"$(inherited)",
					"@executable_path/Frameworks",
					"@loader_path/Frameworks",
				);
				PRODUCT_BUNDLE_IDENTIFIER = "com.sulta.dev.TableView-Handling-OperationsTests";
				PRODUCT_NAME = "$(TARGET_NAME)";
				SWIFT_VERSION = 5.0;
				TARGETED_DEVICE_FAMILY = "1,2";
				TEST_HOST = "$(BUILT_PRODUCTS_DIR)/TableView Handling Operations.app/TableView Handling Operations";
			};
			name = Release;
		};
		35131CAA232E65FA0028ABF7 /* Debug */ = {
			isa = XCBuildConfiguration;
			buildSettings = {
				ALWAYS_EMBED_SWIFT_STANDARD_LIBRARIES = YES;
				CODE_SIGN_STYLE = Automatic;
				INFOPLIST_FILE = "TableView Handling OperationsUITests/Info.plist";
				LD_RUNPATH_SEARCH_PATHS = (
					"$(inherited)",
					"@executable_path/Frameworks",
					"@loader_path/Frameworks",
				);
				PRODUCT_BUNDLE_IDENTIFIER = "com.sulta.dev.TableView-Handling-OperationsUITests";
				PRODUCT_NAME = "$(TARGET_NAME)";
				SWIFT_VERSION = 5.0;
				TARGETED_DEVICE_FAMILY = "1,2";
				TEST_TARGET_NAME = "TableView Handling Operations";
			};
			name = Debug;
		};
		35131CAB232E65FA0028ABF7 /* Release */ = {
			isa = XCBuildConfiguration;
			buildSettings = {
				ALWAYS_EMBED_SWIFT_STANDARD_LIBRARIES = YES;
				CODE_SIGN_STYLE = Automatic;
				INFOPLIST_FILE = "TableView Handling OperationsUITests/Info.plist";
				LD_RUNPATH_SEARCH_PATHS = (
					"$(inherited)",
					"@executable_path/Frameworks",
					"@loader_path/Frameworks",
				);
				PRODUCT_BUNDLE_IDENTIFIER = "com.sulta.dev.TableView-Handling-OperationsUITests";
				PRODUCT_NAME = "$(TARGET_NAME)";
				SWIFT_VERSION = 5.0;
				TARGETED_DEVICE_FAMILY = "1,2";
				TEST_TARGET_NAME = "TableView Handling Operations";
			};
			name = Release;
		};
/* End XCBuildConfiguration section */

/* Begin XCConfigurationList section */
		35131C73232E65F80028ABF7 /* Build configuration list for PBXProject "TableView Handling Operations" */ = {
			isa = XCConfigurationList;
			buildConfigurations = (
				35131CA1232E65FA0028ABF7 /* Debug */,
				35131CA2232E65FA0028ABF7 /* Release */,
			);
			defaultConfigurationIsVisible = 0;
			defaultConfigurationName = Release;
		};
		35131CA3232E65FA0028ABF7 /* Build configuration list for PBXNativeTarget "TableView Handling Operations" */ = {
			isa = XCConfigurationList;
			buildConfigurations = (
				35131CA4232E65FA0028ABF7 /* Debug */,
				35131CA5232E65FA0028ABF7 /* Release */,
			);
			defaultConfigurationIsVisible = 0;
			defaultConfigurationName = Release;
		};
		35131CA6232E65FA0028ABF7 /* Build configuration list for PBXNativeTarget "TableView Handling OperationsTests" */ = {
			isa = XCConfigurationList;
			buildConfigurations = (
				35131CA7232E65FA0028ABF7 /* Debug */,
				35131CA8232E65FA0028ABF7 /* Release */,
			);
			defaultConfigurationIsVisible = 0;
			defaultConfigurationName = Release;
		};
		35131CA9232E65FA0028ABF7 /* Build configuration list for PBXNativeTarget "TableView Handling OperationsUITests" */ = {
			isa = XCConfigurationList;
			buildConfigurations = (
				35131CAA232E65FA0028ABF7 /* Debug */,
				35131CAB232E65FA0028ABF7 /* Release */,
			);
			defaultConfigurationIsVisible = 0;
			defaultConfigurationName = Release;
		};
/* End XCConfigurationList section */

/* Begin XCVersionGroup section */
		35131C82232E65F80028ABF7 /* TableView_Handling_Operations.xcdatamodeld */ = {
			isa = XCVersionGroup;
			children = (
				35131C83232E65F80028ABF7 /* TableView_Handling_Operations.xcdatamodel */,
			);
			currentVersion = 35131C83232E65F80028ABF7 /* TableView_Handling_Operations.xcdatamodel */;
			path = TableView_Handling_Operations.xcdatamodeld;
			sourceTree = "<group>";
			versionGroupType = wrapper.xcdatamodel;
		};
/* End XCVersionGroup section */
	};
	rootObject = 35131C70232E65F80028ABF7 /* Project object */;
}
